// !$*UTF8*$!
{
	archiveVersion = 1;
	classes = {
	};
	objectVersion = 55;
	objects = {

/* Begin PBXBuildFile section */
		9467C23D285E5E4400ADD251 /* AppDelegate.swift in Sources */ = {isa = PBXBuildFile; fileRef = 9467C23C285E5E4400ADD251 /* AppDelegate.swift */; };
		9467C23F285E5E4400ADD251 /* SceneDelegate.swift in Sources */ = {isa = PBXBuildFile; fileRef = 9467C23E285E5E4400ADD251 /* SceneDelegate.swift */; };
		9467C241285E5E4400ADD251 /* WeatherViewController.swift in Sources */ = {isa = PBXBuildFile; fileRef = 9467C240285E5E4400ADD251 /* WeatherViewController.swift */; };
		9467C244285E5E4400ADD251 /* Main.storyboard in Resources */ = {isa = PBXBuildFile; fileRef = 9467C242285E5E4400ADD251 /* Main.storyboard */; };
		9467C246285E5E4A00ADD251 /* Assets.xcassets in Resources */ = {isa = PBXBuildFile; fileRef = 9467C245285E5E4A00ADD251 /* Assets.xcassets */; };
		9467C249285E5E4A00ADD251 /* LaunchScreen.storyboard in Resources */ = {isa = PBXBuildFile; fileRef = 9467C247285E5E4A00ADD251 /* LaunchScreen.storyboard */; };
		9467C2552861E2E500ADD251 /* WeatherManager.swift in Sources */ = {isa = PBXBuildFile; fileRef = 9467C2542861E2E500ADD251 /* WeatherManager.swift */; };
		94FC8D102866F90A000CDE91 /* Alamofire in Frameworks */ = {isa = PBXBuildFile; productRef = 94FC8D0F2866F90A000CDE91 /* Alamofire */; };
		94FC8D142866F998000CDE91 /* DailyWeatherData.swift in Sources */ = {isa = PBXBuildFile; fileRef = 94FC8D132866F998000CDE91 /* DailyWeatherData.swift */; };
		94FC8D162866F99A000CDE91 /* Geocoding.swift in Sources */ = {isa = PBXBuildFile; fileRef = 94FC8D152866F99A000CDE91 /* Geocoding.swift */; };
		94FC8D182866F99C000CDE91 /* HourlyWeatherData.swift in Sources */ = {isa = PBXBuildFile; fileRef = 94FC8D172866F99C000CDE91 /* HourlyWeatherData.swift */; };
		94FC8D1A2866F99E000CDE91 /* WeatherData.swift in Sources */ = {isa = PBXBuildFile; fileRef = 94FC8D192866F99E000CDE91 /* WeatherData.swift */; };
		94FC8D1D2866FB5E000CDE91 /* Constants.swift in Sources */ = {isa = PBXBuildFile; fileRef = 94FC8D1C2866FB5E000CDE91 /* Constants.swift */; };
		94FC8D1F2866FC99000CDE91 /* AlamofireProvider.swift in Sources */ = {isa = PBXBuildFile; fileRef = 94FC8D1E2866FC99000CDE91 /* AlamofireProvider.swift */; };
/* End PBXBuildFile section */

/* Begin PBXFileReference section */
		9467C239285E5E4400ADD251 /* WeatherZhuravlevMax.app */ = {isa = PBXFileReference; explicitFileType = wrapper.application; includeInIndex = 0; path = WeatherZhuravlevMax.app; sourceTree = BUILT_PRODUCTS_DIR; };
		9467C23C285E5E4400ADD251 /* AppDelegate.swift */ = {isa = PBXFileReference; lastKnownFileType = sourcecode.swift; path = AppDelegate.swift; sourceTree = "<group>"; };
		9467C23E285E5E4400ADD251 /* SceneDelegate.swift */ = {isa = PBXFileReference; lastKnownFileType = sourcecode.swift; path = SceneDelegate.swift; sourceTree = "<group>"; };
		9467C240285E5E4400ADD251 /* WeatherViewController.swift */ = {isa = PBXFileReference; lastKnownFileType = sourcecode.swift; path = WeatherViewController.swift; sourceTree = "<group>"; };
		9467C243285E5E4400ADD251 /* Base */ = {isa = PBXFileReference; lastKnownFileType = file.storyboard; name = Base; path = Base.lproj/Main.storyboard; sourceTree = "<group>"; };
		9467C245285E5E4A00ADD251 /* Assets.xcassets */ = {isa = PBXFileReference; lastKnownFileType = folder.assetcatalog; path = Assets.xcassets; sourceTree = "<group>"; };
		9467C248285E5E4A00ADD251 /* Base */ = {isa = PBXFileReference; lastKnownFileType = file.storyboard; name = Base; path = Base.lproj/LaunchScreen.storyboard; sourceTree = "<group>"; };
		9467C24A285E5E4A00ADD251 /* Info.plist */ = {isa = PBXFileReference; lastKnownFileType = text.plist.xml; path = Info.plist; sourceTree = "<group>"; };
		9467C2542861E2E500ADD251 /* WeatherManager.swift */ = {isa = PBXFileReference; lastKnownFileType = sourcecode.swift; path = WeatherManager.swift; sourceTree = "<group>"; };
		94FC8D132866F998000CDE91 /* DailyWeatherData.swift */ = {isa = PBXFileReference; lastKnownFileType = sourcecode.swift; path = DailyWeatherData.swift; sourceTree = "<group>"; };
		94FC8D152866F99A000CDE91 /* Geocoding.swift */ = {isa = PBXFileReference; lastKnownFileType = sourcecode.swift; path = Geocoding.swift; sourceTree = "<group>"; };
		94FC8D172866F99C000CDE91 /* HourlyWeatherData.swift */ = {isa = PBXFileReference; lastKnownFileType = sourcecode.swift; path = HourlyWeatherData.swift; sourceTree = "<group>"; };
		94FC8D192866F99E000CDE91 /* WeatherData.swift */ = {isa = PBXFileReference; lastKnownFileType = sourcecode.swift; path = WeatherData.swift; sourceTree = "<group>"; };
		94FC8D1C2866FB5E000CDE91 /* Constants.swift */ = {isa = PBXFileReference; lastKnownFileType = sourcecode.swift; path = Constants.swift; sourceTree = "<group>"; };
		94FC8D1E2866FC99000CDE91 /* AlamofireProvider.swift */ = {isa = PBXFileReference; lastKnownFileType = sourcecode.swift; path = AlamofireProvider.swift; sourceTree = "<group>"; };
/* End PBXFileReference section */

/* Begin PBXFrameworksBuildPhase section */
		9467C236285E5E4400ADD251 /* Frameworks */ = {
			isa = PBXFrameworksBuildPhase;
			buildActionMask = 2147483647;
			files = (
				94FC8D102866F90A000CDE91 /* Alamofire in Frameworks */,
			);
			runOnlyForDeploymentPostprocessing = 0;
		};
/* End PBXFrameworksBuildPhase section */

/* Begin PBXGroup section */
		9467C230285E5E4300ADD251 = {
			isa = PBXGroup;
			children = (
				9467C23B285E5E4400ADD251 /* WeatherZhuravlevMax */,
				9467C23A285E5E4400ADD251 /* Products */,
			);
			sourceTree = "<group>";
		};
		9467C23A285E5E4400ADD251 /* Products */ = {
			isa = PBXGroup;
			children = (
				9467C239285E5E4400ADD251 /* WeatherZhuravlevMax.app */,
			);
			name = Products;
			sourceTree = "<group>";
		};
		9467C23B285E5E4400ADD251 /* WeatherZhuravlevMax */ = {
			isa = PBXGroup;
			children = (
				9467C23C285E5E4400ADD251 /* AppDelegate.swift */,
				9467C23E285E5E4400ADD251 /* SceneDelegate.swift */,
				94FC8D1C2866FB5E000CDE91 /* Constants.swift */,
				94FC8D1E2866FC99000CDE91 /* AlamofireProvider.swift */,
				9467C240285E5E4400ADD251 /* WeatherViewController.swift */,
				9467C2542861E2E500ADD251 /* WeatherManager.swift */,
				94FC8D1B2866F9A5000CDE91 /* Struct */,
				9467C242285E5E4400ADD251 /* Main.storyboard */,
				9467C245285E5E4A00ADD251 /* Assets.xcassets */,
				9467C247285E5E4A00ADD251 /* LaunchScreen.storyboard */,
				9467C24A285E5E4A00ADD251 /* Info.plist */,
			);
			path = WeatherZhuravlevMax;
			sourceTree = "<group>";
		};
		94FC8D1B2866F9A5000CDE91 /* Struct */ = {
			isa = PBXGroup;
			children = (
				94FC8D132866F998000CDE91 /* DailyWeatherData.swift */,
				94FC8D152866F99A000CDE91 /* Geocoding.swift */,
				94FC8D172866F99C000CDE91 /* HourlyWeatherData.swift */,
				94FC8D192866F99E000CDE91 /* WeatherData.swift */,
			);
			path = Struct;
			sourceTree = "<group>";
		};
/* End PBXGroup section */

/* Begin PBXNativeTarget section */
		9467C238285E5E4400ADD251 /* WeatherZhuravlevMax */ = {
			isa = PBXNativeTarget;
			buildConfigurationList = 9467C24D285E5E4A00ADD251 /* Build configuration list for PBXNativeTarget "WeatherZhuravlevMax" */;
			buildPhases = (
				9467C235285E5E4400ADD251 /* Sources */,
				9467C236285E5E4400ADD251 /* Frameworks */,
				9467C237285E5E4400ADD251 /* Resources */,
			);
			buildRules = (
			);
			dependencies = (
			);
			name = WeatherZhuravlevMax;
			packageProductDependencies = (
				94FC8D0F2866F90A000CDE91 /* Alamofire */,
			);
			productName = WeatherZhuravlevMax;
			productReference = 9467C239285E5E4400ADD251 /* WeatherZhuravlevMax.app */;
			productType = "com.apple.product-type.application";
		};
/* End PBXNativeTarget section */

/* Begin PBXProject section */
		9467C231285E5E4300ADD251 /* Project object */ = {
			isa = PBXProject;
			attributes = {
				BuildIndependentTargetsInParallel = 1;
				LastSwiftUpdateCheck = 1330;
				LastUpgradeCheck = 1330;
				TargetAttributes = {
					9467C238285E5E4400ADD251 = {
						CreatedOnToolsVersion = 13.3;
					};
				};
			};
			buildConfigurationList = 9467C234285E5E4300ADD251 /* Build configuration list for PBXProject "WeatherZhuravlevMax" */;
			compatibilityVersion = "Xcode 13.0";
			developmentRegion = en;
			hasScannedForEncodings = 0;
			knownRegions = (
				en,
				Base,
			);
			mainGroup = 9467C230285E5E4300ADD251;
			packageReferences = (
				94FC8D0E2866F90A000CDE91 /* XCRemoteSwiftPackageReference "Alamofire" */,
			);
			productRefGroup = 9467C23A285E5E4400ADD251 /* Products */;
			projectDirPath = "";
			projectRoot = "";
			targets = (
				9467C238285E5E4400ADD251 /* WeatherZhuravlevMax */,
			);
		};
/* End PBXProject section */

/* Begin PBXResourcesBuildPhase section */
		9467C237285E5E4400ADD251 /* Resources */ = {
			isa = PBXResourcesBuildPhase;
			buildActionMask = 2147483647;
			files = (
				9467C249285E5E4A00ADD251 /* LaunchScreen.storyboard in Resources */,
				9467C246285E5E4A00ADD251 /* Assets.xcassets in Resources */,
				9467C244285E5E4400ADD251 /* Main.storyboard in Resources */,
			);
			runOnlyForDeploymentPostprocessing = 0;
		};
/* End PBXResourcesBuildPhase section */

/* Begin PBXSourcesBuildPhase section */
		9467C235285E5E4400ADD251 /* Sources */ = {
			isa = PBXSourcesBuildPhase;
			buildActionMask = 2147483647;
			files = (
				94FC8D142866F998000CDE91 /* DailyWeatherData.swift in Sources */,
				9467C241285E5E4400ADD251 /* WeatherViewController.swift in Sources */,
				9467C23D285E5E4400ADD251 /* AppDelegate.swift in Sources */,
				94FC8D1F2866FC99000CDE91 /* AlamofireProvider.swift in Sources */,
				9467C23F285E5E4400ADD251 /* SceneDelegate.swift in Sources */,
				94FC8D1D2866FB5E000CDE91 /* Constants.swift in Sources */,
				94FC8D162866F99A000CDE91 /* Geocoding.swift in Sources */,
				9467C2552861E2E500ADD251 /* WeatherManager.swift in Sources */,
				94FC8D1A2866F99E000CDE91 /* WeatherData.swift in Sources */,
				94FC8D182866F99C000CDE91 /* HourlyWeatherData.swift in Sources */,
			);
			runOnlyForDeploymentPostprocessing = 0;
		};
/* End PBXSourcesBuildPhase section */

/* Begin PBXVariantGroup section */
		9467C242285E5E4400ADD251 /* Main.storyboard */ = {
			isa = PBXVariantGroup;
			children = (
				9467C243285E5E4400ADD251 /* Base */,
			);
			name = Main.storyboard;
			sourceTree = "<group>";
		};
		9467C247285E5E4A00ADD251 /* LaunchScreen.storyboard */ = {
			isa = PBXVariantGroup;
			children = (
				9467C248285E5E4A00ADD251 /* Base */,
			);
			name = LaunchScreen.storyboard;
			sourceTree = "<group>";
		};
/* End PBXVariantGroup section */

/* Begin XCBuildConfiguration section */
		9467C24B285E5E4A00ADD251 /* Debug */ = {
			isa = XCBuildConfiguration;
			buildSettings = {
				ALWAYS_SEARCH_USER_PATHS = NO;
				CLANG_ANALYZER_NONNULL = YES;
				CLANG_ANALYZER_NUMBER_OBJECT_CONVERSION = YES_AGGRESSIVE;
				CLANG_CXX_LANGUAGE_STANDARD = "gnu++17";
				CLANG_ENABLE_MODULES = YES;
				CLANG_ENABLE_OBJC_ARC = YES;
				CLANG_ENABLE_OBJC_WEAK = YES;
				CLANG_WARN_BLOCK_CAPTURE_AUTORELEASING = YES;
				CLANG_WARN_BOOL_CONVERSION = YES;
				CLANG_WARN_COMMA = YES;
				CLANG_WARN_CONSTANT_CONVERSION = YES;
				CLANG_WARN_DEPRECATED_OBJC_IMPLEMENTATIONS = YES;
				CLANG_WARN_DIRECT_OBJC_ISA_USAGE = YES_ERROR;
				CLANG_WARN_DOCUMENTATION_COMMENTS = YES;
				CLANG_WARN_EMPTY_BODY = YES;
				CLANG_WARN_ENUM_CONVERSION = YES;
				CLANG_WARN_INFINITE_RECURSION = YES;
				CLANG_WARN_INT_CONVERSION = YES;
				CLANG_WARN_NON_LITERAL_NULL_CONVERSION = YES;
				CLANG_WARN_OBJC_IMPLICIT_RETAIN_SELF = YES;
				CLANG_WARN_OBJC_LITERAL_CONVERSION = YES;
				CLANG_WARN_OBJC_ROOT_CLASS = YES_ERROR;
				CLANG_WARN_QUOTED_INCLUDE_IN_FRAMEWORK_HEADER = YES;
				CLANG_WARN_RANGE_LOOP_ANALYSIS = YES;
				CLANG_WARN_STRICT_PROTOTYPES = YES;
				CLANG_WARN_SUSPICIOUS_MOVE = YES;
				CLANG_WARN_UNGUARDED_AVAILABILITY = YES_AGGRESSIVE;
				CLANG_WARN_UNREACHABLE_CODE = YES;
				CLANG_WARN__DUPLICATE_METHOD_MATCH = YES;
				COPY_PHASE_STRIP = NO;
				DEBUG_INFORMATION_FORMAT = dwarf;
				ENABLE_STRICT_OBJC_MSGSEND = YES;
				ENABLE_TESTABILITY = YES;
				GCC_C_LANGUAGE_STANDARD = gnu11;
				GCC_DYNAMIC_NO_PIC = NO;
				GCC_NO_COMMON_BLOCKS = YES;
				GCC_OPTIMIZATION_LEVEL = 0;
				GCC_PREPROCESSOR_DEFINITIONS = (
					"DEBUG=1",
					"$(inherited)",
				);
				GCC_WARN_64_TO_32_BIT_CONVERSION = YES;
				GCC_WARN_ABOUT_RETURN_TYPE = YES_ERROR;
				GCC_WARN_UNDECLARED_SELECTOR = YES;
				GCC_WARN_UNINITIALIZED_AUTOS = YES_AGGRESSIVE;
				GCC_WARN_UNUSED_FUNCTION = YES;
				GCC_WARN_UNUSED_VARIABLE = YES;
				IPHONEOS_DEPLOYMENT_TARGET = 15.4;
				MTL_ENABLE_DEBUG_INFO = INCLUDE_SOURCE;
				MTL_FAST_MATH = YES;
				ONLY_ACTIVE_ARCH = YES;
				SDKROOT = iphoneos;
				SWIFT_ACTIVE_COMPILATION_CONDITIONS = DEBUG;
				SWIFT_OPTIMIZATION_LEVEL = "-Onone";
			};
			name = Debug;
		};
		9467C24C285E5E4A00ADD251 /* Release */ = {
			isa = XCBuildConfiguration;
			buildSettings = {
				ALWAYS_SEARCH_USER_PATHS = NO;
				CLANG_ANALYZER_NONNULL = YES;
				CLANG_ANALYZER_NUMBER_OBJECT_CONVERSION = YES_AGGRESSIVE;
				CLANG_CXX_LANGUAGE_STANDARD = "gnu++17";
				CLANG_ENABLE_MODULES = YES;
				CLANG_ENABLE_OBJC_ARC = YES;
				CLANG_ENABLE_OBJC_WEAK = YES;
				CLANG_WARN_BLOCK_CAPTURE_AUTORELEASING = YES;
				CLANG_WARN_BOOL_CONVERSION = YES;
				CLANG_WARN_COMMA = YES;
				CLANG_WARN_CONSTANT_CONVERSION = YES;
				CLANG_WARN_DEPRECATED_OBJC_IMPLEMENTATIONS = YES;
				CLANG_WARN_DIRECT_OBJC_ISA_USAGE = YES_ERROR;
				CLANG_WARN_DOCUMENTATION_COMMENTS = YES;
				CLANG_WARN_EMPTY_BODY = YES;
				CLANG_WARN_ENUM_CONVERSION = YES;
				CLANG_WARN_INFINITE_RECURSION = YES;
				CLANG_WARN_INT_CONVERSION = YES;
				CLANG_WARN_NON_LITERAL_NULL_CONVERSION = YES;
				CLANG_WARN_OBJC_IMPLICIT_RETAIN_SELF = YES;
				CLANG_WARN_OBJC_LITERAL_CONVERSION = YES;
				CLANG_WARN_OBJC_ROOT_CLASS = YES_ERROR;
				CLANG_WARN_QUOTED_INCLUDE_IN_FRAMEWORK_HEADER = YES;
				CLANG_WARN_RANGE_LOOP_ANALYSIS = YES;
				CLANG_WARN_STRICT_PROTOTYPES = YES;
				CLANG_WARN_SUSPICIOUS_MOVE = YES;
				CLANG_WARN_UNGUARDED_AVAILABILITY = YES_AGGRESSIVE;
				CLANG_WARN_UNREACHABLE_CODE = YES;
				CLANG_WARN__DUPLICATE_METHOD_MATCH = YES;
				COPY_PHASE_STRIP = NO;
				DEBUG_INFORMATION_FORMAT = "dwarf-with-dsym";
				ENABLE_NS_ASSERTIONS = NO;
				ENABLE_STRICT_OBJC_MSGSEND = YES;
				GCC_C_LANGUAGE_STANDARD = gnu11;
				GCC_NO_COMMON_BLOCKS = YES;
				GCC_WARN_64_TO_32_BIT_CONVERSION = YES;
				GCC_WARN_ABOUT_RETURN_TYPE = YES_ERROR;
				GCC_WARN_UNDECLARED_SELECTOR = YES;
				GCC_WARN_UNINITIALIZED_AUTOS = YES_AGGRESSIVE;
				GCC_WARN_UNUSED_FUNCTION = YES;
				GCC_WARN_UNUSED_VARIABLE = YES;
				IPHONEOS_DEPLOYMENT_TARGET = 15.4;
				MTL_ENABLE_DEBUG_INFO = NO;
				MTL_FAST_MATH = YES;
				SDKROOT = iphoneos;
				SWIFT_COMPILATION_MODE = wholemodule;
				SWIFT_OPTIMIZATION_LEVEL = "-O";
				VALIDATE_PRODUCT = YES;
			};
			name = Release;
		};
		9467C24E285E5E4A00ADD251 /* Debug */ = {
			isa = XCBuildConfiguration;
			buildSettings = {
				ASSETCATALOG_COMPILER_APPICON_NAME = AppIcon;
				ASSETCATALOG_COMPILER_GLOBAL_ACCENT_COLOR_NAME = AccentColor;
				CODE_SIGN_STYLE = Automatic;
				CURRENT_PROJECT_VERSION = 1;
				DEVELOPMENT_TEAM = K3XRV9KVYN;
				GENERATE_INFOPLIST_FILE = YES;
				INFOPLIST_FILE = WeatherZhuravlevMax/Info.plist;
				INFOPLIST_KEY_UIApplicationSupportsIndirectInputEvents = YES;
				INFOPLIST_KEY_UILaunchStoryboardName = LaunchScreen;
				INFOPLIST_KEY_UIMainStoryboardFile = Main;
				INFOPLIST_KEY_UISupportedInterfaceOrientations_iPad = "UIInterfaceOrientationPortrait UIInterfaceOrientationPortraitUpsideDown UIInterfaceOrientationLandscapeLeft UIInterfaceOrientationLandscapeRight";
				INFOPLIST_KEY_UISupportedInterfaceOrientations_iPhone = "UIInterfaceOrientationPortrait UIInterfaceOrientationLandscapeLeft UIInterfaceOrientationLandscapeRight";
				LD_RUNPATH_SEARCH_PATHS = (
					"$(inherited)",
					"@executable_path/Frameworks",
				);
				MARKETING_VERSION = 1.0;
				PRODUCT_BUNDLE_IDENTIFIER = com.ZhuravlevMax.WeatherZhuravlevMax;
				PRODUCT_NAME = "$(TARGET_NAME)";
				SWIFT_EMIT_LOC_STRINGS = YES;
				SWIFT_VERSION = 5.0;
				TARGETED_DEVICE_FAMILY = "1,2";
			};
			name = Debug;
		};
		9467C24F285E5E4A00ADD251 /* Release */ = {
			isa = XCBuildConfiguration;
			buildSettings = {
				ASSETCATALOG_COMPILER_APPICON_NAME = AppIcon;
				ASSETCATALOG_COMPILER_GLOBAL_ACCENT_COLOR_NAME = AccentColor;
				CODE_SIGN_STYLE = Automatic;
				CURRENT_PROJECT_VERSION = 1;
				DEVELOPMENT_TEAM = K3XRV9KVYN;
				GENERATE_INFOPLIST_FILE = YES;
				INFOPLIST_FILE = WeatherZhuravlevMax/Info.plist;
				INFOPLIST_KEY_UIApplicationSupportsIndirectInputEvents = YES;
				INFOPLIST_KEY_UILaunchStoryboardName = LaunchScreen;
				INFOPLIST_KEY_UIMainStoryboardFile = Main;
				INFOPLIST_KEY_UISupportedInterfaceOrientations_iPad = "UIInterfaceOrientationPortrait UIInterfaceOrientationPortraitUpsideDown UIInterfaceOrientationLandscapeLeft UIInterfaceOrientationLandscapeRight";
				INFOPLIST_KEY_UISupportedInterfaceOrientations_iPhone = "UIInterfaceOrientationPortrait UIInterfaceOrientationLandscapeLeft UIInterfaceOrientationLandscapeRight";
				LD_RUNPATH_SEARCH_PATHS = (
					"$(inherited)",
					"@executable_path/Frameworks",
				);
				MARKETING_VERSION = 1.0;
				PRODUCT_BUNDLE_IDENTIFIER = com.ZhuravlevMax.WeatherZhuravlevMax;
				PRODUCT_NAME = "$(TARGET_NAME)";
				SWIFT_EMIT_LOC_STRINGS = YES;
				SWIFT_VERSION = 5.0;
				TARGETED_DEVICE_FAMILY = "1,2";
			};
			name = Release;
		};
/* End XCBuildConfiguration section */

/* Begin XCConfigurationList section */
		9467C234285E5E4300ADD251 /* Build configuration list for PBXProject "WeatherZhuravlevMax" */ = {
			isa = XCConfigurationList;
			buildConfigurations = (
				9467C24B285E5E4A00ADD251 /* Debug */,
				9467C24C285E5E4A00ADD251 /* Release */,
			);
			defaultConfigurationIsVisible = 0;
			defaultConfigurationName = Release;
		};
		9467C24D285E5E4A00ADD251 /* Build configuration list for PBXNativeTarget "WeatherZhuravlevMax" */ = {
			isa = XCConfigurationList;
			buildConfigurations = (
				9467C24E285E5E4A00ADD251 /* Debug */,
				9467C24F285E5E4A00ADD251 /* Release */,
			);
			defaultConfigurationIsVisible = 0;
			defaultConfigurationName = Release;
		};
/* End XCConfigurationList section */

/* Begin XCRemoteSwiftPackageReference section */
		94FC8D0E2866F90A000CDE91 /* XCRemoteSwiftPackageReference "Alamofire" */ = {
			isa = XCRemoteSwiftPackageReference;
			repositoryURL = "https://github.com/Alamofire/Alamofire.git";
			requirement = {
				branch = master;
				kind = branch;
			};
		};
/* End XCRemoteSwiftPackageReference section */

/* Begin XCSwiftPackageProductDependency section */
		94FC8D0F2866F90A000CDE91 /* Alamofire */ = {
			isa = XCSwiftPackageProductDependency;
			package = 94FC8D0E2866F90A000CDE91 /* XCRemoteSwiftPackageReference "Alamofire" */;
			productName = Alamofire;
		};
/* End XCSwiftPackageProductDependency section */
	};
	rootObject = 9467C231285E5E4300ADD251 /* Project object */;
}
