// !$*UTF8*$!
{
	archiveVersion = 1;
	classes = {
	};
	objectVersion = 55;
	objects = {

/* Begin PBXBuildFile section */
		5023904C077797B2EF8CF1D3 /* Pods_WeatherZhuravlevMax.framework in Frameworks */ = {isa = PBXBuildFile; fileRef = B601C799C55260148EAFF3B9 /* Pods_WeatherZhuravlevMax.framework */; };
		94076D6328757DFD001A632A /* ForCollectionViewTableViewCell.swift in Sources */ = {isa = PBXBuildFile; fileRef = 94076D6128757DFD001A632A /* ForCollectionViewTableViewCell.swift */; };
		94076D6428757DFD001A632A /* ForCollectionViewTableViewCell.xib in Resources */ = {isa = PBXBuildFile; fileRef = 94076D6228757DFD001A632A /* ForCollectionViewTableViewCell.xib */; };
		94076D6828774986001A632A /* Image+Extension.swift in Sources */ = {isa = PBXBuildFile; fileRef = 94076D6728774985001A632A /* Image+Extension.swift */; };
		941F8C0C287AB8B90067D9FA /* MarkerWindow.xib in Resources */ = {isa = PBXBuildFile; fileRef = 941F8C0B287AB8B90067D9FA /* MarkerWindow.xib */; };
		941F8C0E287ABA580067D9FA /* MarkerWindowUIView.swift in Sources */ = {isa = PBXBuildFile; fileRef = 941F8C0D287ABA580067D9FA /* MarkerWindowUIView.swift */; };
		9467C23D285E5E4400ADD251 /* AppDelegate.swift in Sources */ = {isa = PBXBuildFile; fileRef = 9467C23C285E5E4400ADD251 /* AppDelegate.swift */; };
		9467C23F285E5E4400ADD251 /* SceneDelegate.swift in Sources */ = {isa = PBXBuildFile; fileRef = 9467C23E285E5E4400ADD251 /* SceneDelegate.swift */; };
		9467C241285E5E4400ADD251 /* WeatherViewController.swift in Sources */ = {isa = PBXBuildFile; fileRef = 9467C240285E5E4400ADD251 /* WeatherViewController.swift */; };
		9467C244285E5E4400ADD251 /* Main.storyboard in Resources */ = {isa = PBXBuildFile; fileRef = 9467C242285E5E4400ADD251 /* Main.storyboard */; };
		9467C246285E5E4A00ADD251 /* Assets.xcassets in Resources */ = {isa = PBXBuildFile; fileRef = 9467C245285E5E4A00ADD251 /* Assets.xcassets */; };
		9467C249285E5E4A00ADD251 /* LaunchScreen.storyboard in Resources */ = {isa = PBXBuildFile; fileRef = 9467C247285E5E4A00ADD251 /* LaunchScreen.storyboard */; };
		949F6A202878033900AF472B /* ForTableVIewTableViewCell.swift in Sources */ = {isa = PBXBuildFile; fileRef = 949F6A1E2878033900AF472B /* ForTableVIewTableViewCell.swift */; };
		949F6A212878033900AF472B /* ForTableVIewTableViewCell.xib in Resources */ = {isa = PBXBuildFile; fileRef = 949F6A1F2878033900AF472B /* ForTableVIewTableViewCell.xib */; };
		94BF6A432871AD6E006BD3C3 /* ViewController+Extension.swift in Sources */ = {isa = PBXBuildFile; fileRef = 94BF6A422871AD6E006BD3C3 /* ViewController+Extension.swift */; };
		94C69AA6287DDE2700FE3EAD /* Localizable.strings in Resources */ = {isa = PBXBuildFile; fileRef = 94C69AA8287DDE2700FE3EAD /* Localizable.strings */; };
		94C69AB0287DE0D300FE3EAD /* InfoPlist.strings in Resources */ = {isa = PBXBuildFile; fileRef = 94C69AAE287DDF3C00FE3EAD /* InfoPlist.strings */; };
		94F18EF0286C580B0092D1C0 /* RealmData.swift in Sources */ = {isa = PBXBuildFile; fileRef = 94F18EEF286C580B0092D1C0 /* RealmData.swift */; };
		94F18EF3286C59580092D1C0 /* Realm in Frameworks */ = {isa = PBXBuildFile; productRef = 94F18EF2286C59580092D1C0 /* Realm */; };
		94F18EF5286C59580092D1C0 /* RealmSwift in Frameworks */ = {isa = PBXBuildFile; productRef = 94F18EF4286C59580092D1C0 /* RealmSwift */; };
		94F18EFB286C6A490092D1C0 /* RealmDataViewController.swift in Sources */ = {isa = PBXBuildFile; fileRef = 94F18EFA286C6A480092D1C0 /* RealmDataViewController.swift */; };
		94F18EFD286C6A6F0092D1C0 /* RealmDataStoryboard.storyboard in Resources */ = {isa = PBXBuildFile; fileRef = 94F18EFC286C6A6F0092D1C0 /* RealmDataStoryboard.storyboard */; };
		94F18F02286CA80A0092D1C0 /* RealmDataTableViewCell.swift in Sources */ = {isa = PBXBuildFile; fileRef = 94F18F00286CA80A0092D1C0 /* RealmDataTableViewCell.swift */; };
		94F18F03286CA80A0092D1C0 /* RealmDataTableViewCell.xib in Resources */ = {isa = PBXBuildFile; fileRef = 94F18F01286CA80A0092D1C0 /* RealmDataTableViewCell.xib */; };
		94F18F06286CDE5E0092D1C0 /* Int+Extension.swift in Sources */ = {isa = PBXBuildFile; fileRef = 94F18F05286CDE5E0092D1C0 /* Int+Extension.swift */; };
		94F18F0A286DA9540092D1C0 /* DBManager.swift in Sources */ = {isa = PBXBuildFile; fileRef = 94F18F09286DA9540092D1C0 /* DBManager.swift */; };
		94FC8D102866F90A000CDE91 /* Alamofire in Frameworks */ = {isa = PBXBuildFile; productRef = 94FC8D0F2866F90A000CDE91 /* Alamofire */; };
		94FC8D142866F998000CDE91 /* DailyWeatherData.swift in Sources */ = {isa = PBXBuildFile; fileRef = 94FC8D132866F998000CDE91 /* DailyWeatherData.swift */; };
		94FC8D162866F99A000CDE91 /* Geocoding.swift in Sources */ = {isa = PBXBuildFile; fileRef = 94FC8D152866F99A000CDE91 /* Geocoding.swift */; };
		94FC8D182866F99C000CDE91 /* HourlyWeatherData.swift in Sources */ = {isa = PBXBuildFile; fileRef = 94FC8D172866F99C000CDE91 /* HourlyWeatherData.swift */; };
		94FC8D1A2866F99E000CDE91 /* WeatherData.swift in Sources */ = {isa = PBXBuildFile; fileRef = 94FC8D192866F99E000CDE91 /* WeatherData.swift */; };
		94FC8D1D2866FB5E000CDE91 /* Constants.swift in Sources */ = {isa = PBXBuildFile; fileRef = 94FC8D1C2866FB5E000CDE91 /* Constants.swift */; };
		94FC8D1F2866FC99000CDE91 /* AlamofireProvider.swift in Sources */ = {isa = PBXBuildFile; fileRef = 94FC8D1E2866FC99000CDE91 /* AlamofireProvider.swift */; };
		94FC8D2428673482000CDE91 /* MapStoryboard.storyboard in Resources */ = {isa = PBXBuildFile; fileRef = 94FC8D2328673482000CDE91 /* MapStoryboard.storyboard */; };
		94FC8D262867349F000CDE91 /* MapViewController.swift in Sources */ = {isa = PBXBuildFile; fileRef = 94FC8D252867349F000CDE91 /* MapViewController.swift */; };
		94FC8D3F2868B551000CDE91 /* HourlyCollectionViewCell.swift in Sources */ = {isa = PBXBuildFile; fileRef = 94FC8D3D2868B551000CDE91 /* HourlyCollectionViewCell.swift */; };
		94FC8D402868B551000CDE91 /* HourlyCollectionViewCell.xib in Resources */ = {isa = PBXBuildFile; fileRef = 94FC8D3E2868B551000CDE91 /* HourlyCollectionViewCell.xib */; };
		94FC8D432868BA31000CDE91 /* DailyTableViewCell.swift in Sources */ = {isa = PBXBuildFile; fileRef = 94FC8D412868BA31000CDE91 /* DailyTableViewCell.swift */; };
		94FC8D442868BA31000CDE91 /* DailyTableViewCell.xib in Resources */ = {isa = PBXBuildFile; fileRef = 94FC8D422868BA31000CDE91 /* DailyTableViewCell.xib */; };
/* End PBXBuildFile section */

/* Begin PBXFileReference section */
		94076D6128757DFD001A632A /* ForCollectionViewTableViewCell.swift */ = {isa = PBXFileReference; lastKnownFileType = sourcecode.swift; path = ForCollectionViewTableViewCell.swift; sourceTree = "<group>"; };
		94076D6228757DFD001A632A /* ForCollectionViewTableViewCell.xib */ = {isa = PBXFileReference; lastKnownFileType = file.xib; path = ForCollectionViewTableViewCell.xib; sourceTree = "<group>"; };
		94076D6728774985001A632A /* Image+Extension.swift */ = {isa = PBXFileReference; lastKnownFileType = sourcecode.swift; path = "Image+Extension.swift"; sourceTree = "<group>"; };
		941F8C0B287AB8B90067D9FA /* MarkerWindow.xib */ = {isa = PBXFileReference; lastKnownFileType = file.xib; path = MarkerWindow.xib; sourceTree = "<group>"; };
		941F8C0D287ABA580067D9FA /* MarkerWindowUIView.swift */ = {isa = PBXFileReference; lastKnownFileType = sourcecode.swift; path = MarkerWindowUIView.swift; sourceTree = "<group>"; };
		9467C239285E5E4400ADD251 /* WeatherZhuravlevMax.app */ = {isa = PBXFileReference; explicitFileType = wrapper.application; includeInIndex = 0; path = WeatherZhuravlevMax.app; sourceTree = BUILT_PRODUCTS_DIR; };
		9467C23C285E5E4400ADD251 /* AppDelegate.swift */ = {isa = PBXFileReference; lastKnownFileType = sourcecode.swift; path = AppDelegate.swift; sourceTree = "<group>"; };
		9467C23E285E5E4400ADD251 /* SceneDelegate.swift */ = {isa = PBXFileReference; lastKnownFileType = sourcecode.swift; path = SceneDelegate.swift; sourceTree = "<group>"; };
		9467C240285E5E4400ADD251 /* WeatherViewController.swift */ = {isa = PBXFileReference; lastKnownFileType = sourcecode.swift; path = WeatherViewController.swift; sourceTree = "<group>"; };
		9467C243285E5E4400ADD251 /* Base */ = {isa = PBXFileReference; lastKnownFileType = file.storyboard; name = Base; path = Base.lproj/Main.storyboard; sourceTree = "<group>"; };
		9467C245285E5E4A00ADD251 /* Assets.xcassets */ = {isa = PBXFileReference; lastKnownFileType = folder.assetcatalog; path = Assets.xcassets; sourceTree = "<group>"; };
		9467C248285E5E4A00ADD251 /* Base */ = {isa = PBXFileReference; lastKnownFileType = file.storyboard; name = Base; path = Base.lproj/LaunchScreen.storyboard; sourceTree = "<group>"; };
		9467C24A285E5E4A00ADD251 /* Info.plist */ = {isa = PBXFileReference; lastKnownFileType = text.plist.xml; path = Info.plist; sourceTree = "<group>"; };
		949F6A1E2878033900AF472B /* ForTableVIewTableViewCell.swift */ = {isa = PBXFileReference; lastKnownFileType = sourcecode.swift; path = ForTableVIewTableViewCell.swift; sourceTree = "<group>"; };
		949F6A1F2878033900AF472B /* ForTableVIewTableViewCell.xib */ = {isa = PBXFileReference; lastKnownFileType = file.xib; path = ForTableVIewTableViewCell.xib; sourceTree = "<group>"; };
		94BF6A422871AD6E006BD3C3 /* ViewController+Extension.swift */ = {isa = PBXFileReference; lastKnownFileType = sourcecode.swift; path = "ViewController+Extension.swift"; sourceTree = "<group>"; };
		94C69AA7287DDE2700FE3EAD /* en */ = {isa = PBXFileReference; lastKnownFileType = text.plist.strings; name = en; path = en.lproj/Localizable.strings; sourceTree = "<group>"; };
		94C69AA9287DDE6700FE3EAD /* ru */ = {isa = PBXFileReference; lastKnownFileType = text.plist.strings; name = ru; path = ru.lproj/Main.strings; sourceTree = "<group>"; };
		94C69AAA287DDE6700FE3EAD /* ru */ = {isa = PBXFileReference; lastKnownFileType = text.plist.strings; name = ru; path = ru.lproj/LaunchScreen.strings; sourceTree = "<group>"; };
		94C69AAB287DDE6700FE3EAD /* ru */ = {isa = PBXFileReference; lastKnownFileType = text.plist.strings; name = ru; path = ru.lproj/Localizable.strings; sourceTree = "<group>"; };
		94C69AAD287DDF3C00FE3EAD /* ru */ = {isa = PBXFileReference; lastKnownFileType = text.plist.strings; name = ru; path = ru.lproj/InfoPlist.strings; sourceTree = "<group>"; };
		94C69AAF287DDF3E00FE3EAD /* en */ = {isa = PBXFileReference; lastKnownFileType = text.plist.strings; name = en; path = en.lproj/InfoPlist.strings; sourceTree = "<group>"; };
		94F18EEF286C580B0092D1C0 /* RealmData.swift */ = {isa = PBXFileReference; lastKnownFileType = sourcecode.swift; path = RealmData.swift; sourceTree = "<group>"; };
		94F18EFA286C6A480092D1C0 /* RealmDataViewController.swift */ = {isa = PBXFileReference; lastKnownFileType = sourcecode.swift; path = RealmDataViewController.swift; sourceTree = "<group>"; };
		94F18EFC286C6A6F0092D1C0 /* RealmDataStoryboard.storyboard */ = {isa = PBXFileReference; lastKnownFileType = file.storyboard; path = RealmDataStoryboard.storyboard; sourceTree = "<group>"; };
		94F18F00286CA80A0092D1C0 /* RealmDataTableViewCell.swift */ = {isa = PBXFileReference; lastKnownFileType = sourcecode.swift; path = RealmDataTableViewCell.swift; sourceTree = "<group>"; };
		94F18F01286CA80A0092D1C0 /* RealmDataTableViewCell.xib */ = {isa = PBXFileReference; lastKnownFileType = file.xib; path = RealmDataTableViewCell.xib; sourceTree = "<group>"; };
		94F18F05286CDE5E0092D1C0 /* Int+Extension.swift */ = {isa = PBXFileReference; lastKnownFileType = sourcecode.swift; path = "Int+Extension.swift"; sourceTree = "<group>"; };
		94F18F09286DA9540092D1C0 /* DBManager.swift */ = {isa = PBXFileReference; lastKnownFileType = sourcecode.swift; path = DBManager.swift; sourceTree = "<group>"; };
		94FC8D132866F998000CDE91 /* DailyWeatherData.swift */ = {isa = PBXFileReference; lastKnownFileType = sourcecode.swift; path = DailyWeatherData.swift; sourceTree = "<group>"; };
		94FC8D152866F99A000CDE91 /* Geocoding.swift */ = {isa = PBXFileReference; lastKnownFileType = sourcecode.swift; path = Geocoding.swift; sourceTree = "<group>"; };
		94FC8D172866F99C000CDE91 /* HourlyWeatherData.swift */ = {isa = PBXFileReference; lastKnownFileType = sourcecode.swift; path = HourlyWeatherData.swift; sourceTree = "<group>"; };
		94FC8D192866F99E000CDE91 /* WeatherData.swift */ = {isa = PBXFileReference; lastKnownFileType = sourcecode.swift; path = WeatherData.swift; sourceTree = "<group>"; };
		94FC8D1C2866FB5E000CDE91 /* Constants.swift */ = {isa = PBXFileReference; lastKnownFileType = sourcecode.swift; path = Constants.swift; sourceTree = "<group>"; };
		94FC8D1E2866FC99000CDE91 /* AlamofireProvider.swift */ = {isa = PBXFileReference; lastKnownFileType = sourcecode.swift; path = AlamofireProvider.swift; sourceTree = "<group>"; };
		94FC8D2328673482000CDE91 /* MapStoryboard.storyboard */ = {isa = PBXFileReference; lastKnownFileType = file.storyboard; path = MapStoryboard.storyboard; sourceTree = "<group>"; };
		94FC8D252867349F000CDE91 /* MapViewController.swift */ = {isa = PBXFileReference; lastKnownFileType = sourcecode.swift; path = MapViewController.swift; sourceTree = "<group>"; };
		94FC8D3D2868B551000CDE91 /* HourlyCollectionViewCell.swift */ = {isa = PBXFileReference; lastKnownFileType = sourcecode.swift; path = HourlyCollectionViewCell.swift; sourceTree = "<group>"; };
		94FC8D3E2868B551000CDE91 /* HourlyCollectionViewCell.xib */ = {isa = PBXFileReference; lastKnownFileType = file.xib; path = HourlyCollectionViewCell.xib; sourceTree = "<group>"; };
		94FC8D412868BA31000CDE91 /* DailyTableViewCell.swift */ = {isa = PBXFileReference; lastKnownFileType = sourcecode.swift; path = DailyTableViewCell.swift; sourceTree = "<group>"; };
		94FC8D422868BA31000CDE91 /* DailyTableViewCell.xib */ = {isa = PBXFileReference; lastKnownFileType = file.xib; path = DailyTableViewCell.xib; sourceTree = "<group>"; };
		98213ED444C5B69B732AD536 /* Pods-WeatherZhuravlevMax.release.xcconfig */ = {isa = PBXFileReference; includeInIndex = 1; lastKnownFileType = text.xcconfig; name = "Pods-WeatherZhuravlevMax.release.xcconfig"; path = "Target Support Files/Pods-WeatherZhuravlevMax/Pods-WeatherZhuravlevMax.release.xcconfig"; sourceTree = "<group>"; };
		ADA209ACBB012235F516624A /* Pods-WeatherZhuravlevMax.debug.xcconfig */ = {isa = PBXFileReference; includeInIndex = 1; lastKnownFileType = text.xcconfig; name = "Pods-WeatherZhuravlevMax.debug.xcconfig"; path = "Target Support Files/Pods-WeatherZhuravlevMax/Pods-WeatherZhuravlevMax.debug.xcconfig"; sourceTree = "<group>"; };
		B601C799C55260148EAFF3B9 /* Pods_WeatherZhuravlevMax.framework */ = {isa = PBXFileReference; explicitFileType = wrapper.framework; includeInIndex = 0; path = Pods_WeatherZhuravlevMax.framework; sourceTree = BUILT_PRODUCTS_DIR; };
/* End PBXFileReference section */

/* Begin PBXFrameworksBuildPhase section */
		9467C236285E5E4400ADD251 /* Frameworks */ = {
			isa = PBXFrameworksBuildPhase;
			buildActionMask = 2147483647;
			files = (
				94F18EF5286C59580092D1C0 /* RealmSwift in Frameworks */,
				94F18EF3286C59580092D1C0 /* Realm in Frameworks */,
				94FC8D102866F90A000CDE91 /* Alamofire in Frameworks */,
				5023904C077797B2EF8CF1D3 /* Pods_WeatherZhuravlevMax.framework in Frameworks */,
			);
			runOnlyForDeploymentPostprocessing = 0;
		};
/* End PBXFrameworksBuildPhase section */

/* Begin PBXGroup section */
		7DC9E864C1B0E3B9F500BE51 /* Frameworks */ = {
			isa = PBXGroup;
			children = (
				B601C799C55260148EAFF3B9 /* Pods_WeatherZhuravlevMax.framework */,
			);
			name = Frameworks;
			sourceTree = "<group>";
		};
		94076D6028757DB9001A632A /* MainTableViewCell */ = {
			isa = PBXGroup;
			children = (
				94076D6128757DFD001A632A /* ForCollectionViewTableViewCell.swift */,
				94076D6228757DFD001A632A /* ForCollectionViewTableViewCell.xib */,
				949F6A1E2878033900AF472B /* ForTableVIewTableViewCell.swift */,
				949F6A1F2878033900AF472B /* ForTableVIewTableViewCell.xib */,
			);
			path = MainTableViewCell;
			sourceTree = "<group>";
		};
		941F8C0F287ABA5F0067D9FA /* MarkerWindow */ = {
			isa = PBXGroup;
			children = (
				941F8C0B287AB8B90067D9FA /* MarkerWindow.xib */,
				941F8C0D287ABA580067D9FA /* MarkerWindowUIView.swift */,
			);
			path = MarkerWindow;
			sourceTree = "<group>";
		};
		9467C230285E5E4300ADD251 = {
			isa = PBXGroup;
			children = (
				9467C23B285E5E4400ADD251 /* WeatherZhuravlevMax */,
				9467C23A285E5E4400ADD251 /* Products */,
				C8D0CEA43EEB1D786D9FDDA5 /* Pods */,
				7DC9E864C1B0E3B9F500BE51 /* Frameworks */,
			);
			sourceTree = "<group>";
		};
		9467C23A285E5E4400ADD251 /* Products */ = {
			isa = PBXGroup;
			children = (
				9467C239285E5E4400ADD251 /* WeatherZhuravlevMax.app */,
			);
			name = Products;
			sourceTree = "<group>";
		};
		9467C23B285E5E4400ADD251 /* WeatherZhuravlevMax */ = {
			isa = PBXGroup;
			children = (
				9467C23C285E5E4400ADD251 /* AppDelegate.swift */,
				9467C23E285E5E4400ADD251 /* SceneDelegate.swift */,
				94FC8D1C2866FB5E000CDE91 /* Constants.swift */,
				94F18F0B286DB4490092D1C0 /* RealmManager+Objects */,
				94FC8D1E2866FC99000CDE91 /* AlamofireProvider.swift */,
				949F6A1728776F4700AF472B /* Extension */,
				941F8C0F287ABA5F0067D9FA /* MarkerWindow */,
				949F6A1828776FA800AF472B /* TableViewCells */,
				949F6A1928776FB400AF472B /* CollectionViewCells */,
				94FC8D472868FB92000CDE91 /* ViewControllers */,
				94FC8D482868FBA5000CDE91 /* Storyboards */,
				94FC8D1B2866F9A5000CDE91 /* Struct */,
				9467C245285E5E4A00ADD251 /* Assets.xcassets */,
				9467C247285E5E4A00ADD251 /* LaunchScreen.storyboard */,
				9467C24A285E5E4A00ADD251 /* Info.plist */,
				94C69AAE287DDF3C00FE3EAD /* InfoPlist.strings */,
				94C69AA8287DDE2700FE3EAD /* Localizable.strings */,
			);
			path = WeatherZhuravlevMax;
			sourceTree = "<group>";
		};
		949F6A1728776F4700AF472B /* Extension */ = {
			isa = PBXGroup;
			children = (
				94F18F05286CDE5E0092D1C0 /* Int+Extension.swift */,
				94BF6A422871AD6E006BD3C3 /* ViewController+Extension.swift */,
				94076D6728774985001A632A /* Image+Extension.swift */,
			);
			path = Extension;
			sourceTree = "<group>";
		};
		949F6A1828776FA800AF472B /* TableViewCells */ = {
			isa = PBXGroup;
			children = (
				94076D6028757DB9001A632A /* MainTableViewCell */,
				94FC8D462868FB6C000CDE91 /* DailyWeatherTableViewCell */,
				94F18F04286CA8110092D1C0 /* RealmDataTableViewCell */,
			);
			path = TableViewCells;
			sourceTree = "<group>";
		};
		949F6A1928776FB400AF472B /* CollectionViewCells */ = {
			isa = PBXGroup;
			children = (
				94FC8D452868FB58000CDE91 /* HourlyWeatherCollectionCell */,
			);
			path = CollectionViewCells;
			sourceTree = "<group>";
		};
		94F18F04286CA8110092D1C0 /* RealmDataTableViewCell */ = {
			isa = PBXGroup;
			children = (
				94F18F00286CA80A0092D1C0 /* RealmDataTableViewCell.swift */,
				94F18F01286CA80A0092D1C0 /* RealmDataTableViewCell.xib */,
			);
			path = RealmDataTableViewCell;
			sourceTree = "<group>";
		};
		94F18F0B286DB4490092D1C0 /* RealmManager+Objects */ = {
			isa = PBXGroup;
			children = (
				94F18EEF286C580B0092D1C0 /* RealmData.swift */,
				94F18F09286DA9540092D1C0 /* DBManager.swift */,
			);
			path = "RealmManager+Objects";
			sourceTree = "<group>";
		};
		94FC8D1B2866F9A5000CDE91 /* Struct */ = {
			isa = PBXGroup;
			children = (
				94FC8D132866F998000CDE91 /* DailyWeatherData.swift */,
				94FC8D152866F99A000CDE91 /* Geocoding.swift */,
				94FC8D172866F99C000CDE91 /* HourlyWeatherData.swift */,
				94FC8D192866F99E000CDE91 /* WeatherData.swift */,
			);
			path = Struct;
			sourceTree = "<group>";
		};
		94FC8D452868FB58000CDE91 /* HourlyWeatherCollectionCell */ = {
			isa = PBXGroup;
			children = (
				94FC8D3D2868B551000CDE91 /* HourlyCollectionViewCell.swift */,
				94FC8D3E2868B551000CDE91 /* HourlyCollectionViewCell.xib */,
			);
			path = HourlyWeatherCollectionCell;
			sourceTree = "<group>";
		};
		94FC8D462868FB6C000CDE91 /* DailyWeatherTableViewCell */ = {
			isa = PBXGroup;
			children = (
				94FC8D412868BA31000CDE91 /* DailyTableViewCell.swift */,
				94FC8D422868BA31000CDE91 /* DailyTableViewCell.xib */,
			);
			path = DailyWeatherTableViewCell;
			sourceTree = "<group>";
		};
		94FC8D472868FB92000CDE91 /* ViewControllers */ = {
			isa = PBXGroup;
			children = (
				9467C240285E5E4400ADD251 /* WeatherViewController.swift */,
				94FC8D252867349F000CDE91 /* MapViewController.swift */,
				94F18EFA286C6A480092D1C0 /* RealmDataViewController.swift */,
			);
			path = ViewControllers;
			sourceTree = "<group>";
		};
		94FC8D482868FBA5000CDE91 /* Storyboards */ = {
			isa = PBXGroup;
			children = (
				9467C242285E5E4400ADD251 /* Main.storyboard */,
				94FC8D2328673482000CDE91 /* MapStoryboard.storyboard */,
				94F18EFC286C6A6F0092D1C0 /* RealmDataStoryboard.storyboard */,
			);
			path = Storyboards;
			sourceTree = "<group>";
		};
		C8D0CEA43EEB1D786D9FDDA5 /* Pods */ = {
			isa = PBXGroup;
			children = (
				ADA209ACBB012235F516624A /* Pods-WeatherZhuravlevMax.debug.xcconfig */,
				98213ED444C5B69B732AD536 /* Pods-WeatherZhuravlevMax.release.xcconfig */,
			);
			path = Pods;
			sourceTree = "<group>";
		};
/* End PBXGroup section */

/* Begin PBXNativeTarget section */
		9467C238285E5E4400ADD251 /* WeatherZhuravlevMax */ = {
			isa = PBXNativeTarget;
			buildConfigurationList = 9467C24D285E5E4A00ADD251 /* Build configuration list for PBXNativeTarget "WeatherZhuravlevMax" */;
			buildPhases = (
				9773BF87DD71B1B9709073E2 /* [CP] Check Pods Manifest.lock */,
				9467C235285E5E4400ADD251 /* Sources */,
				9467C236285E5E4400ADD251 /* Frameworks */,
				9467C237285E5E4400ADD251 /* Resources */,
				A2EE93EBB6AE38E4BC00B3DD /* [CP] Copy Pods Resources */,
			);
			buildRules = (
			);
			dependencies = (
			);
			name = WeatherZhuravlevMax;
			packageProductDependencies = (
				94FC8D0F2866F90A000CDE91 /* Alamofire */,
				94F18EF2286C59580092D1C0 /* Realm */,
				94F18EF4286C59580092D1C0 /* RealmSwift */,
			);
			productName = WeatherZhuravlevMax;
			productReference = 9467C239285E5E4400ADD251 /* WeatherZhuravlevMax.app */;
			productType = "com.apple.product-type.application";
		};
/* End PBXNativeTarget section */

/* Begin PBXProject section */
		9467C231285E5E4300ADD251 /* Project object */ = {
			isa = PBXProject;
			attributes = {
				BuildIndependentTargetsInParallel = 1;
				LastSwiftUpdateCheck = 1330;
				LastUpgradeCheck = 1330;
				TargetAttributes = {
					9467C238285E5E4400ADD251 = {
						CreatedOnToolsVersion = 13.3;
					};
				};
			};
			buildConfigurationList = 9467C234285E5E4300ADD251 /* Build configuration list for PBXProject "WeatherZhuravlevMax" */;
			compatibilityVersion = "Xcode 13.0";
			developmentRegion = en;
			hasScannedForEncodings = 0;
			knownRegions = (
				en,
				Base,
				ru,
			);
			mainGroup = 9467C230285E5E4300ADD251;
			packageReferences = (
				94FC8D0E2866F90A000CDE91 /* XCRemoteSwiftPackageReference "Alamofire" */,
				94F18EF1286C59580092D1C0 /* XCRemoteSwiftPackageReference "realm-swift" */,
			);
			productRefGroup = 9467C23A285E5E4400ADD251 /* Products */;
			projectDirPath = "";
			projectRoot = "";
			targets = (
				9467C238285E5E4400ADD251 /* WeatherZhuravlevMax */,
			);
		};
/* End PBXProject section */

/* Begin PBXResourcesBuildPhase section */
		9467C237285E5E4400ADD251 /* Resources */ = {
			isa = PBXResourcesBuildPhase;
			buildActionMask = 2147483647;
			files = (
				9467C249285E5E4A00ADD251 /* LaunchScreen.storyboard in Resources */,
				94C69AA6287DDE2700FE3EAD /* Localizable.strings in Resources */,
				94F18F03286CA80A0092D1C0 /* RealmDataTableViewCell.xib in Resources */,
				94C69AB0287DE0D300FE3EAD /* InfoPlist.strings in Resources */,
				9467C246285E5E4A00ADD251 /* Assets.xcassets in Resources */,
				94FC8D2428673482000CDE91 /* MapStoryboard.storyboard in Resources */,
				9467C244285E5E4400ADD251 /* Main.storyboard in Resources */,
				94F18EFD286C6A6F0092D1C0 /* RealmDataStoryboard.storyboard in Resources */,
				94076D6428757DFD001A632A /* ForCollectionViewTableViewCell.xib in Resources */,
				941F8C0C287AB8B90067D9FA /* MarkerWindow.xib in Resources */,
				949F6A212878033900AF472B /* ForTableVIewTableViewCell.xib in Resources */,
				94FC8D402868B551000CDE91 /* HourlyCollectionViewCell.xib in Resources */,
				94FC8D442868BA31000CDE91 /* DailyTableViewCell.xib in Resources */,
			);
			runOnlyForDeploymentPostprocessing = 0;
		};
/* End PBXResourcesBuildPhase section */

/* Begin PBXShellScriptBuildPhase section */
		9773BF87DD71B1B9709073E2 /* [CP] Check Pods Manifest.lock */ = {
			isa = PBXShellScriptBuildPhase;
			buildActionMask = 2147483647;
			files = (
			);
			inputFileListPaths = (
			);
			inputPaths = (
				"${PODS_PODFILE_DIR_PATH}/Podfile.lock",
				"${PODS_ROOT}/Manifest.lock",
			);
			name = "[CP] Check Pods Manifest.lock";
			outputFileListPaths = (
			);
			outputPaths = (
				"$(DERIVED_FILE_DIR)/Pods-WeatherZhuravlevMax-checkManifestLockResult.txt",
			);
			runOnlyForDeploymentPostprocessing = 0;
			shellPath = /bin/sh;
			shellScript = "diff \"${PODS_PODFILE_DIR_PATH}/Podfile.lock\" \"${PODS_ROOT}/Manifest.lock\" > /dev/null\nif [ $? != 0 ] ; then\n    # print error to STDERR\n    echo \"error: The sandbox is not in sync with the Podfile.lock. Run 'pod install' or update your CocoaPods installation.\" >&2\n    exit 1\nfi\n# This output is used by Xcode 'outputs' to avoid re-running this script phase.\necho \"SUCCESS\" > \"${SCRIPT_OUTPUT_FILE_0}\"\n";
			showEnvVarsInLog = 0;
		};
		A2EE93EBB6AE38E4BC00B3DD /* [CP] Copy Pods Resources */ = {
			isa = PBXShellScriptBuildPhase;
			buildActionMask = 2147483647;
			files = (
			);
			inputFileListPaths = (
				"${PODS_ROOT}/Target Support Files/Pods-WeatherZhuravlevMax/Pods-WeatherZhuravlevMax-resources-${CONFIGURATION}-input-files.xcfilelist",
			);
			name = "[CP] Copy Pods Resources";
			outputFileListPaths = (
				"${PODS_ROOT}/Target Support Files/Pods-WeatherZhuravlevMax/Pods-WeatherZhuravlevMax-resources-${CONFIGURATION}-output-files.xcfilelist",
			);
			runOnlyForDeploymentPostprocessing = 0;
			shellPath = /bin/sh;
			shellScript = "\"${PODS_ROOT}/Target Support Files/Pods-WeatherZhuravlevMax/Pods-WeatherZhuravlevMax-resources.sh\"\n";
			showEnvVarsInLog = 0;
		};
/* End PBXShellScriptBuildPhase section */

/* Begin PBXSourcesBuildPhase section */
		9467C235285E5E4400ADD251 /* Sources */ = {
			isa = PBXSourcesBuildPhase;
			buildActionMask = 2147483647;
			files = (
				94FC8D142866F998000CDE91 /* DailyWeatherData.swift in Sources */,
				94F18F06286CDE5E0092D1C0 /* Int+Extension.swift in Sources */,
				9467C241285E5E4400ADD251 /* WeatherViewController.swift in Sources */,
				94FC8D3F2868B551000CDE91 /* HourlyCollectionViewCell.swift in Sources */,
				941F8C0E287ABA580067D9FA /* MarkerWindowUIView.swift in Sources */,
				9467C23D285E5E4400ADD251 /* AppDelegate.swift in Sources */,
				94FC8D262867349F000CDE91 /* MapViewController.swift in Sources */,
				94F18F02286CA80A0092D1C0 /* RealmDataTableViewCell.swift in Sources */,
				94F18EF0286C580B0092D1C0 /* RealmData.swift in Sources */,
				94F18EFB286C6A490092D1C0 /* RealmDataViewController.swift in Sources */,
				94076D6328757DFD001A632A /* ForCollectionViewTableViewCell.swift in Sources */,
				94FC8D1F2866FC99000CDE91 /* AlamofireProvider.swift in Sources */,
				9467C23F285E5E4400ADD251 /* SceneDelegate.swift in Sources */,
				94F18F0A286DA9540092D1C0 /* DBManager.swift in Sources */,
				94FC8D1D2866FB5E000CDE91 /* Constants.swift in Sources */,
				94FC8D162866F99A000CDE91 /* Geocoding.swift in Sources */,
				94076D6828774986001A632A /* Image+Extension.swift in Sources */,
				94BF6A432871AD6E006BD3C3 /* ViewController+Extension.swift in Sources */,
				949F6A202878033900AF472B /* ForTableVIewTableViewCell.swift in Sources */,
				94FC8D432868BA31000CDE91 /* DailyTableViewCell.swift in Sources */,
				94FC8D1A2866F99E000CDE91 /* WeatherData.swift in Sources */,
				94FC8D182866F99C000CDE91 /* HourlyWeatherData.swift in Sources */,
			);
			runOnlyForDeploymentPostprocessing = 0;
		};
/* End PBXSourcesBuildPhase section */

/* Begin PBXVariantGroup section */
		9467C242285E5E4400ADD251 /* Main.storyboard */ = {
			isa = PBXVariantGroup;
			children = (
				9467C243285E5E4400ADD251 /* Base */,
				94C69AA9287DDE6700FE3EAD /* ru */,
			);
			name = Main.storyboard;
			sourceTree = "<group>";
		};
		9467C247285E5E4A00ADD251 /* LaunchScreen.storyboard */ = {
			isa = PBXVariantGroup;
			children = (
				9467C248285E5E4A00ADD251 /* Base */,
				94C69AAA287DDE6700FE3EAD /* ru */,
			);
			name = LaunchScreen.storyboard;
			sourceTree = "<group>";
		};
		94C69AA8287DDE2700FE3EAD /* Localizable.strings */ = {
			isa = PBXVariantGroup;
			children = (
				94C69AA7287DDE2700FE3EAD /* en */,
				94C69AAB287DDE6700FE3EAD /* ru */,
			);
			name = Localizable.strings;
			sourceTree = "<group>";
		};
		94C69AAE287DDF3C00FE3EAD /* InfoPlist.strings */ = {
			isa = PBXVariantGroup;
			children = (
				94C69AAD287DDF3C00FE3EAD /* ru */,
				94C69AAF287DDF3E00FE3EAD /* en */,
			);
			name = InfoPlist.strings;
			path = /Users/maxim/TeachMeSkills/HWWeatherMax/WeatherZhuravlevMax/WeatherZhuravlevMax;
			sourceTree = "<absolute>";
		};
/* End PBXVariantGroup section */

/* Begin XCBuildConfiguration section */
		9467C24B285E5E4A00ADD251 /* Debug */ = {
			isa = XCBuildConfiguration;
			buildSettings = {
				ALWAYS_SEARCH_USER_PATHS = NO;
				CLANG_ANALYZER_LOCALIZABILITY_NONLOCALIZED = YES;
				CLANG_ANALYZER_NONNULL = YES;
				CLANG_ANALYZER_NUMBER_OBJECT_CONVERSION = YES_AGGRESSIVE;
				CLANG_CXX_LANGUAGE_STANDARD = "gnu++17";
				CLANG_ENABLE_MODULES = YES;
				CLANG_ENABLE_OBJC_ARC = YES;
				CLANG_ENABLE_OBJC_WEAK = YES;
				CLANG_WARN_BLOCK_CAPTURE_AUTORELEASING = YES;
				CLANG_WARN_BOOL_CONVERSION = YES;
				CLANG_WARN_COMMA = YES;
				CLANG_WARN_CONSTANT_CONVERSION = YES;
				CLANG_WARN_DEPRECATED_OBJC_IMPLEMENTATIONS = YES;
				CLANG_WARN_DIRECT_OBJC_ISA_USAGE = YES_ERROR;
				CLANG_WARN_DOCUMENTATION_COMMENTS = YES;
				CLANG_WARN_EMPTY_BODY = YES;
				CLANG_WARN_ENUM_CONVERSION = YES;
				CLANG_WARN_INFINITE_RECURSION = YES;
				CLANG_WARN_INT_CONVERSION = YES;
				CLANG_WARN_NON_LITERAL_NULL_CONVERSION = YES;
				CLANG_WARN_OBJC_IMPLICIT_RETAIN_SELF = YES;
				CLANG_WARN_OBJC_LITERAL_CONVERSION = YES;
				CLANG_WARN_OBJC_ROOT_CLASS = YES_ERROR;
				CLANG_WARN_QUOTED_INCLUDE_IN_FRAMEWORK_HEADER = YES;
				CLANG_WARN_RANGE_LOOP_ANALYSIS = YES;
				CLANG_WARN_STRICT_PROTOTYPES = YES;
				CLANG_WARN_SUSPICIOUS_MOVE = YES;
				CLANG_WARN_UNGUARDED_AVAILABILITY = YES_AGGRESSIVE;
				CLANG_WARN_UNREACHABLE_CODE = YES;
				CLANG_WARN__DUPLICATE_METHOD_MATCH = YES;
				COPY_PHASE_STRIP = NO;
				DEBUG_INFORMATION_FORMAT = dwarf;
				ENABLE_STRICT_OBJC_MSGSEND = YES;
				ENABLE_TESTABILITY = YES;
				GCC_C_LANGUAGE_STANDARD = gnu11;
				GCC_DYNAMIC_NO_PIC = NO;
				GCC_NO_COMMON_BLOCKS = YES;
				GCC_OPTIMIZATION_LEVEL = 0;
				GCC_PREPROCESSOR_DEFINITIONS = (
					"DEBUG=1",
					"$(inherited)",
				);
				GCC_WARN_64_TO_32_BIT_CONVERSION = YES;
				GCC_WARN_ABOUT_RETURN_TYPE = YES_ERROR;
				GCC_WARN_UNDECLARED_SELECTOR = YES;
				GCC_WARN_UNINITIALIZED_AUTOS = YES_AGGRESSIVE;
				GCC_WARN_UNUSED_FUNCTION = YES;
				GCC_WARN_UNUSED_VARIABLE = YES;
				IPHONEOS_DEPLOYMENT_TARGET = 15.4;
				MTL_ENABLE_DEBUG_INFO = INCLUDE_SOURCE;
				MTL_FAST_MATH = YES;
				ONLY_ACTIVE_ARCH = YES;
				SDKROOT = iphoneos;
				SWIFT_ACTIVE_COMPILATION_CONDITIONS = DEBUG;
				SWIFT_OPTIMIZATION_LEVEL = "-Onone";
			};
			name = Debug;
		};
		9467C24C285E5E4A00ADD251 /* Release */ = {
			isa = XCBuildConfiguration;
			buildSettings = {
				ALWAYS_SEARCH_USER_PATHS = NO;
				CLANG_ANALYZER_LOCALIZABILITY_NONLOCALIZED = YES;
				CLANG_ANALYZER_NONNULL = YES;
				CLANG_ANALYZER_NUMBER_OBJECT_CONVERSION = YES_AGGRESSIVE;
				CLANG_CXX_LANGUAGE_STANDARD = "gnu++17";
				CLANG_ENABLE_MODULES = YES;
				CLANG_ENABLE_OBJC_ARC = YES;
				CLANG_ENABLE_OBJC_WEAK = YES;
				CLANG_WARN_BLOCK_CAPTURE_AUTORELEASING = YES;
				CLANG_WARN_BOOL_CONVERSION = YES;
				CLANG_WARN_COMMA = YES;
				CLANG_WARN_CONSTANT_CONVERSION = YES;
				CLANG_WARN_DEPRECATED_OBJC_IMPLEMENTATIONS = YES;
				CLANG_WARN_DIRECT_OBJC_ISA_USAGE = YES_ERROR;
				CLANG_WARN_DOCUMENTATION_COMMENTS = YES;
				CLANG_WARN_EMPTY_BODY = YES;
				CLANG_WARN_ENUM_CONVERSION = YES;
				CLANG_WARN_INFINITE_RECURSION = YES;
				CLANG_WARN_INT_CONVERSION = YES;
				CLANG_WARN_NON_LITERAL_NULL_CONVERSION = YES;
				CLANG_WARN_OBJC_IMPLICIT_RETAIN_SELF = YES;
				CLANG_WARN_OBJC_LITERAL_CONVERSION = YES;
				CLANG_WARN_OBJC_ROOT_CLASS = YES_ERROR;
				CLANG_WARN_QUOTED_INCLUDE_IN_FRAMEWORK_HEADER = YES;
				CLANG_WARN_RANGE_LOOP_ANALYSIS = YES;
				CLANG_WARN_STRICT_PROTOTYPES = YES;
				CLANG_WARN_SUSPICIOUS_MOVE = YES;
				CLANG_WARN_UNGUARDED_AVAILABILITY = YES_AGGRESSIVE;
				CLANG_WARN_UNREACHABLE_CODE = YES;
				CLANG_WARN__DUPLICATE_METHOD_MATCH = YES;
				COPY_PHASE_STRIP = NO;
				DEBUG_INFORMATION_FORMAT = "dwarf-with-dsym";
				ENABLE_NS_ASSERTIONS = NO;
				ENABLE_STRICT_OBJC_MSGSEND = YES;
				GCC_C_LANGUAGE_STANDARD = gnu11;
				GCC_NO_COMMON_BLOCKS = YES;
				GCC_WARN_64_TO_32_BIT_CONVERSION = YES;
				GCC_WARN_ABOUT_RETURN_TYPE = YES_ERROR;
				GCC_WARN_UNDECLARED_SELECTOR = YES;
				GCC_WARN_UNINITIALIZED_AUTOS = YES_AGGRESSIVE;
				GCC_WARN_UNUSED_FUNCTION = YES;
				GCC_WARN_UNUSED_VARIABLE = YES;
				IPHONEOS_DEPLOYMENT_TARGET = 15.4;
				MTL_ENABLE_DEBUG_INFO = NO;
				MTL_FAST_MATH = YES;
				SDKROOT = iphoneos;
				SWIFT_COMPILATION_MODE = wholemodule;
				SWIFT_OPTIMIZATION_LEVEL = "-O";
				VALIDATE_PRODUCT = YES;
			};
			name = Release;
		};
		9467C24E285E5E4A00ADD251 /* Debug */ = {
			isa = XCBuildConfiguration;
			baseConfigurationReference = ADA209ACBB012235F516624A /* Pods-WeatherZhuravlevMax.debug.xcconfig */;
			buildSettings = {
				ASSETCATALOG_COMPILER_APPICON_NAME = AppIcon;
				ASSETCATALOG_COMPILER_GLOBAL_ACCENT_COLOR_NAME = AccentColor;
				CODE_SIGN_STYLE = Automatic;
				CURRENT_PROJECT_VERSION = 1;
				DEVELOPMENT_TEAM = K3XRV9KVYN;
				GENERATE_INFOPLIST_FILE = YES;
				INFOPLIST_FILE = WeatherZhuravlevMax/Info.plist;
				INFOPLIST_KEY_UIApplicationSupportsIndirectInputEvents = YES;
				INFOPLIST_KEY_UILaunchStoryboardName = LaunchScreen;
				INFOPLIST_KEY_UIMainStoryboardFile = Main;
				INFOPLIST_KEY_UISupportedInterfaceOrientations_iPad = "UIInterfaceOrientationPortrait UIInterfaceOrientationPortraitUpsideDown UIInterfaceOrientationLandscapeLeft UIInterfaceOrientationLandscapeRight";
				INFOPLIST_KEY_UISupportedInterfaceOrientations_iPhone = "UIInterfaceOrientationPortrait UIInterfaceOrientationLandscapeLeft UIInterfaceOrientationLandscapeRight";
				LD_RUNPATH_SEARCH_PATHS = (
					"$(inherited)",
					"@executable_path/Frameworks",
				);
				MARKETING_VERSION = 1.0;
				PRODUCT_BUNDLE_IDENTIFIER = com.ZhuravlevMax.WeatherZhuravlevMax;
				PRODUCT_NAME = "$(TARGET_NAME)";
				SWIFT_EMIT_LOC_STRINGS = YES;
				SWIFT_VERSION = 5.0;
				TARGETED_DEVICE_FAMILY = "1,2";
			};
			name = Debug;
		};
		9467C24F285E5E4A00ADD251 /* Release */ = {
			isa = XCBuildConfiguration;
			baseConfigurationReference = 98213ED444C5B69B732AD536 /* Pods-WeatherZhuravlevMax.release.xcconfig */;
			buildSettings = {
				ASSETCATALOG_COMPILER_APPICON_NAME = AppIcon;
				ASSETCATALOG_COMPILER_GLOBAL_ACCENT_COLOR_NAME = AccentColor;
				CODE_SIGN_STYLE = Automatic;
				CURRENT_PROJECT_VERSION = 1;
				DEVELOPMENT_TEAM = K3XRV9KVYN;
				GENERATE_INFOPLIST_FILE = YES;
				INFOPLIST_FILE = WeatherZhuravlevMax/Info.plist;
				INFOPLIST_KEY_UIApplicationSupportsIndirectInputEvents = YES;
				INFOPLIST_KEY_UILaunchStoryboardName = LaunchScreen;
				INFOPLIST_KEY_UIMainStoryboardFile = Main;
				INFOPLIST_KEY_UISupportedInterfaceOrientations_iPad = "UIInterfaceOrientationPortrait UIInterfaceOrientationPortraitUpsideDown UIInterfaceOrientationLandscapeLeft UIInterfaceOrientationLandscapeRight";
				INFOPLIST_KEY_UISupportedInterfaceOrientations_iPhone = "UIInterfaceOrientationPortrait UIInterfaceOrientationLandscapeLeft UIInterfaceOrientationLandscapeRight";
				LD_RUNPATH_SEARCH_PATHS = (
					"$(inherited)",
					"@executable_path/Frameworks",
				);
				MARKETING_VERSION = 1.0;
				PRODUCT_BUNDLE_IDENTIFIER = com.ZhuravlevMax.WeatherZhuravlevMax;
				PRODUCT_NAME = "$(TARGET_NAME)";
				SWIFT_EMIT_LOC_STRINGS = YES;
				SWIFT_VERSION = 5.0;
				TARGETED_DEVICE_FAMILY = "1,2";
			};
			name = Release;
		};
/* End XCBuildConfiguration section */

/* Begin XCConfigurationList section */
		9467C234285E5E4300ADD251 /* Build configuration list for PBXProject "WeatherZhuravlevMax" */ = {
			isa = XCConfigurationList;
			buildConfigurations = (
				9467C24B285E5E4A00ADD251 /* Debug */,
				9467C24C285E5E4A00ADD251 /* Release */,
			);
			defaultConfigurationIsVisible = 0;
			defaultConfigurationName = Release;
		};
		9467C24D285E5E4A00ADD251 /* Build configuration list for PBXNativeTarget "WeatherZhuravlevMax" */ = {
			isa = XCConfigurationList;
			buildConfigurations = (
				9467C24E285E5E4A00ADD251 /* Debug */,
				9467C24F285E5E4A00ADD251 /* Release */,
			);
			defaultConfigurationIsVisible = 0;
			defaultConfigurationName = Release;
		};
/* End XCConfigurationList section */

/* Begin XCRemoteSwiftPackageReference section */
		94F18EF1286C59580092D1C0 /* XCRemoteSwiftPackageReference "realm-swift" */ = {
			isa = XCRemoteSwiftPackageReference;
			repositoryURL = "https://github.com/realm/realm-swift";
			requirement = {
				kind = upToNextMajorVersion;
				minimumVersion = 10.19.0;
			};
		};
		94FC8D0E2866F90A000CDE91 /* XCRemoteSwiftPackageReference "Alamofire" */ = {
			isa = XCRemoteSwiftPackageReference;
			repositoryURL = "https://github.com/Alamofire/Alamofire.git";
			requirement = {
				branch = master;
				kind = branch;
			};
		};
/* End XCRemoteSwiftPackageReference section */

/* Begin XCSwiftPackageProductDependency section */
		94F18EF2286C59580092D1C0 /* Realm */ = {
			isa = XCSwiftPackageProductDependency;
			package = 94F18EF1286C59580092D1C0 /* XCRemoteSwiftPackageReference "realm-swift" */;
			productName = Realm;
		};
		94F18EF4286C59580092D1C0 /* RealmSwift */ = {
			isa = XCSwiftPackageProductDependency;
			package = 94F18EF1286C59580092D1C0 /* XCRemoteSwiftPackageReference "realm-swift" */;
			productName = RealmSwift;
		};
		94FC8D0F2866F90A000CDE91 /* Alamofire */ = {
			isa = XCSwiftPackageProductDependency;
			package = 94FC8D0E2866F90A000CDE91 /* XCRemoteSwiftPackageReference "Alamofire" */;
			productName = Alamofire;
		};
/* End XCSwiftPackageProductDependency section */
	};
	rootObject = 9467C231285E5E4300ADD251 /* Project object */;
}
